{
  "originHash" : "92f422175b277a27339fbf7d7fd2cc85121d0120cfa38bea0c49331b0c2616d0",
  "pins" : [
    {
      "identity" : "identifiablebystring",
      "kind" : "remoteSourceControl",
      "location" : "https://github.com/SwiftfulThinking/IdentifiableByString.git",
      "state" : {
        "revision" : "7f4a2fc12758def66e070e772d13db95e1f3afa8",
        "version" : "1.0.0"
      }
    }
  ],
  "version" : 3
}
